PODS:
  - CocoaDebug (1.7.7)
  - NetworkEye (1.1.2):
    - NetworkEye/standard (= 1.1.2)
  - NetworkEye/standard (1.1.2)
  - SwiftLint (0.52.2)

DEPENDENCIES:
  - CocoaDebug
  - NetworkEye
  - SwiftLint

SPEC REPOS:
  trunk:
    - CocoaDebug
    - NetworkEye
    - SwiftLint

SPEC CHECKSUMS:
  CocoaDebug: b38d31464b91a9775928f8667d114db07b136565
  NetworkEye: c7b02c29eef8f9f33555bf96d265bcd24d14f6d4
  SwiftLint: 1ac76dac888ca05cb0cf24d0c85887ec1209961d

PODFILE CHECKSUM: 33b470768817e0f7df758cdedfd4ff5efb182d9e

COCOAPODS: 1.12.1
